
Microsoft Visual Studio Solution File, Format Version 12.00
Project("{FAE04EC0-301F-11D3-BF4B-00C04F79EFBC}") = "JGeneral", "JGeneral\JGeneral.csproj", "{ADD54D5F-3A13-4CDF-AF94-8A5FC31CD919}"
EndProject
Project("{FAE04EC0-301F-11D3-BF4B-00C04F79EFBC}") = "JGeneral.IO", "JGeneral.IO\JGeneral.IO.csproj", "{D3EBC2E7-E7E9-46E2-9136-FA373BC89F94}"
EndProject
Project("{FAE04EC0-301F-11D3-BF4B-00C04F79EFBC}") = "JGeneral.Restarter", "JGeneral.Restarter\JGeneral.Restarter.csproj", "{C00CCB94-C856-4541-813F-EBE00CDA2BE7}"
EndProject
Project("{FAE04EC0-301F-11D3-BF4B-00C04F79EFBC}") = "CJGT", "CJGT\CJGT.csproj", "{BAE5D515-8C5B-4054-811C-F514DA912A14}"
EndProject
Project("{FAE04EC0-301F-11D3-BF4B-00C04F79EFBC}") = "JGeneral.Conveyor", "JGeneral.Conveyor\JGeneral.Conveyor.csproj", "{1F37AC56-9B8B-4B4D-BAFB-8EB00CCFB32F}"
EndProject
Project("{FAE04EC0-301F-11D3-BF4B-00C04F79EFBC}") = "Phantia", "Phantia\Phantia.csproj", "{A240E2A6-20C0-4801-BA2D-60A82A9D812A}"
EndProject
Project("{FAE04EC0-301F-11D3-BF4B-00C04F79EFBC}") = "JGeneralBenchmarks", "JGeneralBenchmarks\JGeneralBenchmarks.csproj", "{C1E6E84C-C8A6-4B71-AA7C-05415EB89B45}"
EndProject
Project("{FAE04EC0-301F-11D3-BF4B-00C04F79EFBC}") = "JGeneral.Mods", "JGeneral.Mods\JGeneral.Mods.csproj", "{8E727AD5-8824-4963-94B7-536B6329E9D0}"
EndProject
Project("{FAE04EC0-301F-11D3-BF4B-00C04F79EFBC}") = "JGeneral.IO.Interop", "JGeneral.IO.Interop\JGeneral.IO.Interop.csproj", "{836D8A60-0A7E-4829-ACFB-6EE3F419F009}"
EndProject
Global
	GlobalSection(SolutionConfigurationPlatforms) = preSolution
		Debug|Any CPU = Debug|Any CPU
		Release|Any CPU = Release|Any CPU
	EndGlobalSection
	GlobalSection(ProjectConfigurationPlatforms) = postSolution
		{ADD54D5F-3A13-4CDF-AF94-8A5FC31CD919}.Debug|Any CPU.ActiveCfg = Debug|Any CPU
		{ADD54D5F-3A13-4CDF-AF94-8A5FC31CD919}.Debug|Any CPU.Build.0 = Debug|Any CPU
		{ADD54D5F-3A13-4CDF-AF94-8A5FC31CD919}.Release|Any CPU.ActiveCfg = Release|Any CPU
		{ADD54D5F-3A13-4CDF-AF94-8A5FC31CD919}.Release|Any CPU.Build.0 = Release|Any CPU
		{D3EBC2E7-E7E9-46E2-9136-FA373BC89F94}.Debug|Any CPU.ActiveCfg = Debug|Any CPU
		{D3EBC2E7-E7E9-46E2-9136-FA373BC89F94}.Debug|Any CPU.Build.0 = Debug|Any CPU
		{D3EBC2E7-E7E9-46E2-9136-FA373BC89F94}.Release|Any CPU.ActiveCfg = Release|Any CPU
		{D3EBC2E7-E7E9-46E2-9136-FA373BC89F94}.Release|Any CPU.Build.0 = Release|Any CPU
		{C00CCB94-C856-4541-813F-EBE00CDA2BE7}.Debug|Any CPU.ActiveCfg = Debug|Any CPU
		{C00CCB94-C856-4541-813F-EBE00CDA2BE7}.Debug|Any CPU.Build.0 = Debug|Any CPU
		{C00CCB94-C856-4541-813F-EBE00CDA2BE7}.Release|Any CPU.ActiveCfg = Release|Any CPU
		{C00CCB94-C856-4541-813F-EBE00CDA2BE7}.Release|Any CPU.Build.0 = Release|Any CPU
		{BAE5D515-8C5B-4054-811C-F514DA912A14}.Debug|Any CPU.ActiveCfg = Debug|Any CPU
		{BAE5D515-8C5B-4054-811C-F514DA912A14}.Debug|Any CPU.Build.0 = Debug|Any CPU
		{BAE5D515-8C5B-4054-811C-F514DA912A14}.Release|Any CPU.ActiveCfg = Release|Any CPU
		{BAE5D515-8C5B-4054-811C-F514DA912A14}.Release|Any CPU.Build.0 = Release|Any CPU
		{1F37AC56-9B8B-4B4D-BAFB-8EB00CCFB32F}.Debug|Any CPU.ActiveCfg = Debug|Any CPU
		{1F37AC56-9B8B-4B4D-BAFB-8EB00CCFB32F}.Debug|Any CPU.Build.0 = Debug|Any CPU
		{1F37AC56-9B8B-4B4D-BAFB-8EB00CCFB32F}.Release|Any CPU.ActiveCfg = Release|Any CPU
		{1F37AC56-9B8B-4B4D-BAFB-8EB00CCFB32F}.Release|Any CPU.Build.0 = Release|Any CPU
		{A240E2A6-20C0-4801-BA2D-60A82A9D812A}.Debug|Any CPU.ActiveCfg = Debug|Any CPU
		{A240E2A6-20C0-4801-BA2D-60A82A9D812A}.Debug|Any CPU.Build.0 = Debug|Any CPU
		{A240E2A6-20C0-4801-BA2D-60A82A9D812A}.Release|Any CPU.ActiveCfg = Release|Any CPU
		{A240E2A6-20C0-4801-BA2D-60A82A9D812A}.Release|Any CPU.Build.0 = Release|Any CPU
		{C1E6E84C-C8A6-4B71-AA7C-05415EB89B45}.Debug|Any CPU.ActiveCfg = Debug|Any CPU
		{C1E6E84C-C8A6-4B71-AA7C-05415EB89B45}.Debug|Any CPU.Build.0 = Debug|Any CPU
		{C1E6E84C-C8A6-4B71-AA7C-05415EB89B45}.Release|Any CPU.ActiveCfg = Release|Any CPU
		{C1E6E84C-C8A6-4B71-AA7C-05415EB89B45}.Release|Any CPU.Build.0 = Release|Any CPU
		{8E727AD5-8824-4963-94B7-536B6329E9D0}.Debug|Any CPU.ActiveCfg = Debug|Any CPU
		{8E727AD5-8824-4963-94B7-536B6329E9D0}.Debug|Any CPU.Build.0 = Debug|Any CPU
		{8E727AD5-8824-4963-94B7-536B6329E9D0}.Release|Any CPU.ActiveCfg = Release|Any CPU
		{8E727AD5-8824-4963-94B7-536B6329E9D0}.Release|Any CPU.Build.0 = Release|Any CPU
		{836D8A60-0A7E-4829-ACFB-6EE3F419F009}.Debug|Any CPU.ActiveCfg = Debug|Any CPU
		{836D8A60-0A7E-4829-ACFB-6EE3F419F009}.Debug|Any CPU.Build.0 = Debug|Any CPU
		{836D8A60-0A7E-4829-ACFB-6EE3F419F009}.Release|Any CPU.ActiveCfg = Release|Any CPU
		{836D8A60-0A7E-4829-ACFB-6EE3F419F009}.Release|Any CPU.Build.0 = Release|Any CPU
	EndGlobalSection
EndGlobal
